{
  "name": "redrive-durable",
  "version": "1.0.0",
  "lockfileVersion": 3,
  "requires": true,
  "packages": {
    "": {
      "name": "redrive-durable",
      "version": "1.0.0",
      "license": "ISC",
      "dependencies": {
        "aws-embedded-metrics": "^4.2.1"
      }
    },
    "node_modules/@datastructures-js/heap": {
      "version": "4.3.7",
      "resolved": "https://registry.npmjs.org/@datastructures-js/heap/-/heap-4.3.7.tgz",
      "integrity": "sha512-Dx4un7Uj0dVxkfoq4RkpzsY2OrvNJgQYZ3n3UlGdl88RxxdHd7oTi21/l3zoxUUe0sXFuNUrfmWqlHzqnoN6Ug==",
      "license": "MIT"
    },
    "node_modules/aws-embedded-metrics": {
      "version": "4.2.1",
      "resolved": "https://registry.npmjs.org/aws-embedded-metrics/-/aws-embedded-metrics-4.2.1.tgz",
      "integrity": "sha512-uzydBXlGQVTB2sZ9ACCQZM3y0u4wdvxxRKFL9LP6RdfI2GcOrCcAsz65UKQvX9iagxFhah322VvvatgP8E7MIg==",
      "license": "Apache-2.0",
      "dependencies": {
        "@datastructures-js/heap": "^4.0.2"
      },
      "engines": {
        "node": ">=10.0.0"
      }
    }
  }
}
